{
  "pins" : [
    {
      "identity" : "blinkid-ios",
      "kind" : "remoteSourceControl",
      "location" : "https://github.com/BlinkID/blinkid-ios.git",
      "state" : {
        "revision" : "098fbd015553345d435ce5cb0e29b0dc68b09a65",
        "version" : "7.7.0"
      }
    },
    {
      "identity" : "csqlite",
      "kind" : "remoteSourceControl",
      "location" : "https://github.com/simolus3/CSQLite.git",
      "state" : {
        "revision" : "1ee46d19a4f451a7aa64ffc64fc99b4748131e62"
      }
    }
  ],
  "version" : 2
}
